// !$*UTF8*$!
{
	archiveVersion = 1;
	classes = {
	};
	objectVersion = 56;
	objects = {

/* Begin PBXBuildFile section */
		243164F12A9DBEB7007BF78B /* SwiftfulThinkingContinuedLearningApp.swift in Sources */ = {isa = PBXBuildFile; fileRef = 243164F02A9DBEB7007BF78B /* SwiftfulThinkingContinuedLearningApp.swift */; };
		243164F32A9DBEB7007BF78B /* ContentView.swift in Sources */ = {isa = PBXBuildFile; fileRef = 243164F22A9DBEB7007BF78B /* ContentView.swift */; };
		243164F52A9DBEB9007BF78B /* Assets.xcassets in Resources */ = {isa = PBXBuildFile; fileRef = 243164F42A9DBEB9007BF78B /* Assets.xcassets */; };
		243164F82A9DBEB9007BF78B /* Preview Assets.xcassets in Resources */ = {isa = PBXBuildFile; fileRef = 243164F72A9DBEB9007BF78B /* Preview Assets.xcassets */; };
		243164FF2A9DBF33007BF78B /* LongPressGestureBootcamp.swift in Sources */ = {isa = PBXBuildFile; fileRef = 243164FE2A9DBF33007BF78B /* LongPressGestureBootcamp.swift */; };
		243165012A9DC65B007BF78B /* MagnificationGestureBootcamp.swift in Sources */ = {isa = PBXBuildFile; fileRef = 243165002A9DC65B007BF78B /* MagnificationGestureBootcamp.swift */; };
		243165032A9DE03B007BF78B /* RotationGestureBootcamp.swift in Sources */ = {isa = PBXBuildFile; fileRef = 243165022A9DE03B007BF78B /* RotationGestureBootcamp.swift */; };
		243165052A9DE2FF007BF78B /* DragGestureBootcamp.swift in Sources */ = {isa = PBXBuildFile; fileRef = 243165042A9DE2FF007BF78B /* DragGestureBootcamp.swift */; };
		243165072A9DEAAB007BF78B /* DragGestureBootcamp2.swift in Sources */ = {isa = PBXBuildFile; fileRef = 243165062A9DEAAB007BF78B /* DragGestureBootcamp2.swift */; };
		243165092A9E0A54007BF78B /* ScrollViewReaderBootcamp.swift in Sources */ = {isa = PBXBuildFile; fileRef = 243165082A9E0A54007BF78B /* ScrollViewReaderBootcamp.swift */; };
		2431650B2A9E2B13007BF78B /* GeometryReaderBootcamp.swift in Sources */ = {isa = PBXBuildFile; fileRef = 2431650A2A9E2B13007BF78B /* GeometryReaderBootcamp.swift */; };
		2431650D2A9E322F007BF78B /* MultipleSheetsBootcamp.swift in Sources */ = {isa = PBXBuildFile; fileRef = 2431650C2A9E322F007BF78B /* MultipleSheetsBootcamp.swift */; };
		2431650F2A9E3C70007BF78B /* MaskBootcamp.swift in Sources */ = {isa = PBXBuildFile; fileRef = 2431650E2A9E3C70007BF78B /* MaskBootcamp.swift */; };
		243165112A9E4206007BF78B /* SoundsBootcamp.swift in Sources */ = {isa = PBXBuildFile; fileRef = 243165102A9E4206007BF78B /* SoundsBootcamp.swift */; };
		243165152A9E473F007BF78B /* badum.mp3 in Resources */ = {isa = PBXBuildFile; fileRef = 243165132A9E473F007BF78B /* badum.mp3 */; };
		243165162A9E473F007BF78B /* tada.mp3 in Resources */ = {isa = PBXBuildFile; fileRef = 243165142A9E473F007BF78B /* tada.mp3 */; };
		243165182A9E4935007BF78B /* HapticsBootcamp.swift in Sources */ = {isa = PBXBuildFile; fileRef = 243165172A9E4935007BF78B /* HapticsBootcamp.swift */; };
		2431651A2A9E4CBB007BF78B /* LocalNotificationBootcamp.swift in Sources */ = {isa = PBXBuildFile; fileRef = 243165192A9E4CBB007BF78B /* LocalNotificationBootcamp.swift */; };
		244907F72AA1B97D003D5074 /* TimerBootcamp.swift in Sources */ = {isa = PBXBuildFile; fileRef = 244907F62AA1B97D003D5074 /* TimerBootcamp.swift */; };
		244907F92AA1CB65003D5074 /* SubscriberBootcamp.swift in Sources */ = {isa = PBXBuildFile; fileRef = 244907F82AA1CB65003D5074 /* SubscriberBootcamp.swift */; };
		24569B012A9F197E0013B839 /* HashableBootcamp.swift in Sources */ = {isa = PBXBuildFile; fileRef = 24569B002A9F197E0013B839 /* HashableBootcamp.swift */; };
		24569B032A9F1ED80013B839 /* ArraysBootcamp.swift in Sources */ = {isa = PBXBuildFile; fileRef = 24569B022A9F1ED80013B839 /* ArraysBootcamp.swift */; };
		24569B242A9F3E520013B839 /* CoreDataBootcamp.swift in Sources */ = {isa = PBXBuildFile; fileRef = 24569B232A9F3E510013B839 /* CoreDataBootcamp.swift */; };
		24569B272A9F51E10013B839 /* FruitsContainer.xcdatamodeld in Sources */ = {isa = PBXBuildFile; fileRef = 24569B252A9F51E10013B839 /* FruitsContainer.xcdatamodeld */; };
		24569B292A9F5BFA0013B839 /* CoreDataRelationshipsBootcamp.swift in Sources */ = {isa = PBXBuildFile; fileRef = 24569B282A9F5BFA0013B839 /* CoreDataRelationshipsBootcamp.swift */; };
		24569B2C2A9F88EA0013B839 /* CoreDataContainer.xcdatamodeld in Sources */ = {isa = PBXBuildFile; fileRef = 24569B2A2A9F88EA0013B839 /* CoreDataContainer.xcdatamodeld */; };
		24E6D80D2AA0E45200CE671B /* DownloadWithCombine.swift in Sources */ = {isa = PBXBuildFile; fileRef = 24E6D80C2AA0E45200CE671B /* DownloadWithCombine.swift */; };
		24FC52FB2AA06A360092B60F /* BackgroundThreadBootcamp.swift in Sources */ = {isa = PBXBuildFile; fileRef = 24FC52FA2AA06A360092B60F /* BackgroundThreadBootcamp.swift */; };
		24FC52FD2AA078730092B60F /* WeakSelfBootcamp.swift in Sources */ = {isa = PBXBuildFile; fileRef = 24FC52FC2AA078730092B60F /* WeakSelfBootcamp.swift */; };
		24FC52FF2AA081E00092B60F /* TypealiasBootcamp.swift in Sources */ = {isa = PBXBuildFile; fileRef = 24FC52FE2AA081E00092B60F /* TypealiasBootcamp.swift */; };
		24FC53012AA087340092B60F /* EscapingBootcamp.swift in Sources */ = {isa = PBXBuildFile; fileRef = 24FC53002AA087340092B60F /* EscapingBootcamp.swift */; };
		24FC53032AA08FF20092B60F /* CodableBootcamp.swift in Sources */ = {isa = PBXBuildFile; fileRef = 24FC53022AA08FF20092B60F /* CodableBootcamp.swift */; };
		24FC53052AA0A77C0092B60F /* DownloadWithEscapingBootcamp.swift in Sources */ = {isa = PBXBuildFile; fileRef = 24FC53042AA0A77C0092B60F /* DownloadWithEscapingBootcamp.swift */; };
/* End PBXBuildFile section */

/* Begin PBXFileReference section */
		243164ED2A9DBEB7007BF78B /* SwiftfulThinkingContinuedLearning.app */ = {isa = PBXFileReference; explicitFileType = wrapper.application; includeInIndex = 0; path = SwiftfulThinkingContinuedLearning.app; sourceTree = BUILT_PRODUCTS_DIR; };
		243164F02A9DBEB7007BF78B /* SwiftfulThinkingContinuedLearningApp.swift */ = {isa = PBXFileReference; lastKnownFileType = sourcecode.swift; path = SwiftfulThinkingContinuedLearningApp.swift; sourceTree = "<group>"; };
		243164F22A9DBEB7007BF78B /* ContentView.swift */ = {isa = PBXFileReference; lastKnownFileType = sourcecode.swift; path = ContentView.swift; sourceTree = "<group>"; };
		243164F42A9DBEB9007BF78B /* Assets.xcassets */ = {isa = PBXFileReference; lastKnownFileType = folder.assetcatalog; path = Assets.xcassets; sourceTree = "<group>"; };
		243164F72A9DBEB9007BF78B /* Preview Assets.xcassets */ = {isa = PBXFileReference; lastKnownFileType = folder.assetcatalog; path = "Preview Assets.xcassets"; sourceTree = "<group>"; };
		243164FE2A9DBF33007BF78B /* LongPressGestureBootcamp.swift */ = {isa = PBXFileReference; lastKnownFileType = sourcecode.swift; path = LongPressGestureBootcamp.swift; sourceTree = "<group>"; };
		243165002A9DC65B007BF78B /* MagnificationGestureBootcamp.swift */ = {isa = PBXFileReference; lastKnownFileType = sourcecode.swift; path = MagnificationGestureBootcamp.swift; sourceTree = "<group>"; };
		243165022A9DE03B007BF78B /* RotationGestureBootcamp.swift */ = {isa = PBXFileReference; lastKnownFileType = sourcecode.swift; path = RotationGestureBootcamp.swift; sourceTree = "<group>"; };
		243165042A9DE2FF007BF78B /* DragGestureBootcamp.swift */ = {isa = PBXFileReference; lastKnownFileType = sourcecode.swift; path = DragGestureBootcamp.swift; sourceTree = "<group>"; };
		243165062A9DEAAB007BF78B /* DragGestureBootcamp2.swift */ = {isa = PBXFileReference; lastKnownFileType = sourcecode.swift; path = DragGestureBootcamp2.swift; sourceTree = "<group>"; };
		243165082A9E0A54007BF78B /* ScrollViewReaderBootcamp.swift */ = {isa = PBXFileReference; lastKnownFileType = sourcecode.swift; path = ScrollViewReaderBootcamp.swift; sourceTree = "<group>"; };
		2431650A2A9E2B13007BF78B /* GeometryReaderBootcamp.swift */ = {isa = PBXFileReference; lastKnownFileType = sourcecode.swift; path = GeometryReaderBootcamp.swift; sourceTree = "<group>"; };
		2431650C2A9E322F007BF78B /* MultipleSheetsBootcamp.swift */ = {isa = PBXFileReference; lastKnownFileType = sourcecode.swift; path = MultipleSheetsBootcamp.swift; sourceTree = "<group>"; };
		2431650E2A9E3C70007BF78B /* MaskBootcamp.swift */ = {isa = PBXFileReference; lastKnownFileType = sourcecode.swift; path = MaskBootcamp.swift; sourceTree = "<group>"; };
		243165102A9E4206007BF78B /* SoundsBootcamp.swift */ = {isa = PBXFileReference; lastKnownFileType = sourcecode.swift; path = SoundsBootcamp.swift; sourceTree = "<group>"; };
		243165132A9E473F007BF78B /* badum.mp3 */ = {isa = PBXFileReference; lastKnownFileType = audio.mp3; path = badum.mp3; sourceTree = "<group>"; };
		243165142A9E473F007BF78B /* tada.mp3 */ = {isa = PBXFileReference; lastKnownFileType = audio.mp3; path = tada.mp3; sourceTree = "<group>"; };
		243165172A9E4935007BF78B /* HapticsBootcamp.swift */ = {isa = PBXFileReference; lastKnownFileType = sourcecode.swift; path = HapticsBootcamp.swift; sourceTree = "<group>"; };
		243165192A9E4CBB007BF78B /* LocalNotificationBootcamp.swift */ = {isa = PBXFileReference; lastKnownFileType = sourcecode.swift; path = LocalNotificationBootcamp.swift; sourceTree = "<group>"; };
		244907F62AA1B97D003D5074 /* TimerBootcamp.swift */ = {isa = PBXFileReference; lastKnownFileType = sourcecode.swift; path = TimerBootcamp.swift; sourceTree = "<group>"; };
		244907F82AA1CB65003D5074 /* SubscriberBootcamp.swift */ = {isa = PBXFileReference; lastKnownFileType = sourcecode.swift; path = SubscriberBootcamp.swift; sourceTree = "<group>"; };
		24569B002A9F197E0013B839 /* HashableBootcamp.swift */ = {isa = PBXFileReference; lastKnownFileType = sourcecode.swift; path = HashableBootcamp.swift; sourceTree = "<group>"; };
		24569B022A9F1ED80013B839 /* ArraysBootcamp.swift */ = {isa = PBXFileReference; lastKnownFileType = sourcecode.swift; path = ArraysBootcamp.swift; sourceTree = "<group>"; };
		24569B232A9F3E510013B839 /* CoreDataBootcamp.swift */ = {isa = PBXFileReference; lastKnownFileType = sourcecode.swift; path = CoreDataBootcamp.swift; sourceTree = "<group>"; };
		24569B262A9F51E10013B839 /* FruitsContainer.xcdatamodel */ = {isa = PBXFileReference; lastKnownFileType = wrapper.xcdatamodel; path = FruitsContainer.xcdatamodel; sourceTree = "<group>"; };
		24569B282A9F5BFA0013B839 /* CoreDataRelationshipsBootcamp.swift */ = {isa = PBXFileReference; lastKnownFileType = sourcecode.swift; path = CoreDataRelationshipsBootcamp.swift; sourceTree = "<group>"; };
		24569B2B2A9F88EA0013B839 /* CoreDataContainer.xcdatamodel */ = {isa = PBXFileReference; lastKnownFileType = wrapper.xcdatamodel; path = CoreDataContainer.xcdatamodel; sourceTree = "<group>"; };
		24E6D80C2AA0E45200CE671B /* DownloadWithCombine.swift */ = {isa = PBXFileReference; lastKnownFileType = sourcecode.swift; path = DownloadWithCombine.swift; sourceTree = "<group>"; };
		24FC52FA2AA06A360092B60F /* BackgroundThreadBootcamp.swift */ = {isa = PBXFileReference; lastKnownFileType = sourcecode.swift; path = BackgroundThreadBootcamp.swift; sourceTree = "<group>"; };
		24FC52FC2AA078730092B60F /* WeakSelfBootcamp.swift */ = {isa = PBXFileReference; lastKnownFileType = sourcecode.swift; path = WeakSelfBootcamp.swift; sourceTree = "<group>"; };
		24FC52FE2AA081E00092B60F /* TypealiasBootcamp.swift */ = {isa = PBXFileReference; lastKnownFileType = sourcecode.swift; path = TypealiasBootcamp.swift; sourceTree = "<group>"; };
		24FC53002AA087340092B60F /* EscapingBootcamp.swift */ = {isa = PBXFileReference; lastKnownFileType = sourcecode.swift; path = EscapingBootcamp.swift; sourceTree = "<group>"; };
		24FC53022AA08FF20092B60F /* CodableBootcamp.swift */ = {isa = PBXFileReference; lastKnownFileType = sourcecode.swift; path = CodableBootcamp.swift; sourceTree = "<group>"; };
		24FC53042AA0A77C0092B60F /* DownloadWithEscapingBootcamp.swift */ = {isa = PBXFileReference; lastKnownFileType = sourcecode.swift; path = DownloadWithEscapingBootcamp.swift; sourceTree = "<group>"; };
/* End PBXFileReference section */

/* Begin PBXFrameworksBuildPhase section */
		243164EA2A9DBEB7007BF78B /* Frameworks */ = {
			isa = PBXFrameworksBuildPhase;
			buildActionMask = 2147483647;
			files = (
			);
			runOnlyForDeploymentPostprocessing = 0;
		};
/* End PBXFrameworksBuildPhase section */

/* Begin PBXGroup section */
		243164E42A9DBEB7007BF78B = {
			isa = PBXGroup;
			children = (
				243164EF2A9DBEB7007BF78B /* SwiftfulThinkingContinuedLearning */,
				243164EE2A9DBEB7007BF78B /* Products */,
			);
			sourceTree = "<group>";
		};
		243164EE2A9DBEB7007BF78B /* Products */ = {
			isa = PBXGroup;
			children = (
				243164ED2A9DBEB7007BF78B /* SwiftfulThinkingContinuedLearning.app */,
			);
			name = Products;
			sourceTree = "<group>";
		};
		243164EF2A9DBEB7007BF78B /* SwiftfulThinkingContinuedLearning */ = {
			isa = PBXGroup;
			children = (
				243164F02A9DBEB7007BF78B /* SwiftfulThinkingContinuedLearningApp.swift */,
				243164F22A9DBEB7007BF78B /* ContentView.swift */,
				243164FE2A9DBF33007BF78B /* LongPressGestureBootcamp.swift */,
				243165002A9DC65B007BF78B /* MagnificationGestureBootcamp.swift */,
				243165022A9DE03B007BF78B /* RotationGestureBootcamp.swift */,
				243165042A9DE2FF007BF78B /* DragGestureBootcamp.swift */,
				243165062A9DEAAB007BF78B /* DragGestureBootcamp2.swift */,
				243165082A9E0A54007BF78B /* ScrollViewReaderBootcamp.swift */,
				2431650A2A9E2B13007BF78B /* GeometryReaderBootcamp.swift */,
				2431650C2A9E322F007BF78B /* MultipleSheetsBootcamp.swift */,
				2431650E2A9E3C70007BF78B /* MaskBootcamp.swift */,
				243165102A9E4206007BF78B /* SoundsBootcamp.swift */,
				243165172A9E4935007BF78B /* HapticsBootcamp.swift */,
				243165192A9E4CBB007BF78B /* LocalNotificationBootcamp.swift */,
				24569B002A9F197E0013B839 /* HashableBootcamp.swift */,
				24569B022A9F1ED80013B839 /* ArraysBootcamp.swift */,
				24569B232A9F3E510013B839 /* CoreDataBootcamp.swift */,
				24569B282A9F5BFA0013B839 /* CoreDataRelationshipsBootcamp.swift */,
				24FC52FA2AA06A360092B60F /* BackgroundThreadBootcamp.swift */,
				24FC52FC2AA078730092B60F /* WeakSelfBootcamp.swift */,
				24FC52FE2AA081E00092B60F /* TypealiasBootcamp.swift */,
				24FC53002AA087340092B60F /* EscapingBootcamp.swift */,
				24FC53022AA08FF20092B60F /* CodableBootcamp.swift */,
				24FC53042AA0A77C0092B60F /* DownloadWithEscapingBootcamp.swift */,
				24E6D80C2AA0E45200CE671B /* DownloadWithCombine.swift */,
				244907F62AA1B97D003D5074 /* TimerBootcamp.swift */,
				244907F82AA1CB65003D5074 /* SubscriberBootcamp.swift */,
				24569B2A2A9F88EA0013B839 /* CoreDataContainer.xcdatamodeld */,
				24569B252A9F51E10013B839 /* FruitsContainer.xcdatamodeld */,
				243165122A9E471B007BF78B /* Sounds */,
				243164F42A9DBEB9007BF78B /* Assets.xcassets */,
				243164F62A9DBEB9007BF78B /* Preview Content */,
			);
			path = SwiftfulThinkingContinuedLearning;
			sourceTree = "<group>";
		};
		243164F62A9DBEB9007BF78B /* Preview Content */ = {
			isa = PBXGroup;
			children = (
				243164F72A9DBEB9007BF78B /* Preview Assets.xcassets */,
			);
			path = "Preview Content";
			sourceTree = "<group>";
		};
		243165122A9E471B007BF78B /* Sounds */ = {
			isa = PBXGroup;
			children = (
				243165132A9E473F007BF78B /* badum.mp3 */,
				243165142A9E473F007BF78B /* tada.mp3 */,
			);
			path = Sounds;
			sourceTree = "<group>";
		};
/* End PBXGroup section */

/* Begin PBXNativeTarget section */
		243164EC2A9DBEB7007BF78B /* SwiftfulThinkingContinuedLearning */ = {
			isa = PBXNativeTarget;
			buildConfigurationList = 243164FB2A9DBEB9007BF78B /* Build configuration list for PBXNativeTarget "SwiftfulThinkingContinuedLearning" */;
			buildPhases = (
				243164E92A9DBEB7007BF78B /* Sources */,
				243164EA2A9DBEB7007BF78B /* Frameworks */,
				243164EB2A9DBEB7007BF78B /* Resources */,
			);
			buildRules = (
			);
			dependencies = (
			);
			name = SwiftfulThinkingContinuedLearning;
			productName = SwiftfulThinkingContinuedLearning;
			productReference = 243164ED2A9DBEB7007BF78B /* SwiftfulThinkingContinuedLearning.app */;
			productType = "com.apple.product-type.application";
		};
/* End PBXNativeTarget section */

/* Begin PBXProject section */
		243164E52A9DBEB7007BF78B /* Project object */ = {
			isa = PBXProject;
			attributes = {
				BuildIndependentTargetsInParallel = 1;
				LastSwiftUpdateCheck = 1430;
				LastUpgradeCheck = 1430;
				TargetAttributes = {
					243164EC2A9DBEB7007BF78B = {
						CreatedOnToolsVersion = 14.3.1;
					};
				};
			};
			buildConfigurationList = 243164E82A9DBEB7007BF78B /* Build configuration list for PBXProject "SwiftfulThinkingContinuedLearning" */;
			compatibilityVersion = "Xcode 14.0";
			developmentRegion = en;
			hasScannedForEncodings = 0;
			knownRegions = (
				en,
				Base,
			);
			mainGroup = 243164E42A9DBEB7007BF78B;
			productRefGroup = 243164EE2A9DBEB7007BF78B /* Products */;
			projectDirPath = "";
			projectRoot = "";
			targets = (
				243164EC2A9DBEB7007BF78B /* SwiftfulThinkingContinuedLearning */,
			);
		};
/* End PBXProject section */

/* Begin PBXResourcesBuildPhase section */
		243164EB2A9DBEB7007BF78B /* Resources */ = {
			isa = PBXResourcesBuildPhase;
			buildActionMask = 2147483647;
			files = (
				243165162A9E473F007BF78B /* tada.mp3 in Resources */,
				243165152A9E473F007BF78B /* badum.mp3 in Resources */,
				243164F82A9DBEB9007BF78B /* Preview Assets.xcassets in Resources */,
				243164F52A9DBEB9007BF78B /* Assets.xcassets in Resources */,
			);
			runOnlyForDeploymentPostprocessing = 0;
		};
/* End PBXResourcesBuildPhase section */

/* Begin PBXSourcesBuildPhase section */
		243164E92A9DBEB7007BF78B /* Sources */ = {
			isa = PBXSourcesBuildPhase;
			buildActionMask = 2147483647;
			files = (
				24FC53012AA087340092B60F /* EscapingBootcamp.swift in Sources */,
				24569B272A9F51E10013B839 /* FruitsContainer.xcdatamodeld in Sources */,
				24E6D80D2AA0E45200CE671B /* DownloadWithCombine.swift in Sources */,
				24569B012A9F197E0013B839 /* HashableBootcamp.swift in Sources */,
				243165112A9E4206007BF78B /* SoundsBootcamp.swift in Sources */,
				24FC52FB2AA06A360092B60F /* BackgroundThreadBootcamp.swift in Sources */,
				243165072A9DEAAB007BF78B /* DragGestureBootcamp2.swift in Sources */,
				24569B242A9F3E520013B839 /* CoreDataBootcamp.swift in Sources */,
				2431650F2A9E3C70007BF78B /* MaskBootcamp.swift in Sources */,
				243165052A9DE2FF007BF78B /* DragGestureBootcamp.swift in Sources */,
				243164F32A9DBEB7007BF78B /* ContentView.swift in Sources */,
				244907F92AA1CB65003D5074 /* SubscriberBootcamp.swift in Sources */,
				24569B2C2A9F88EA0013B839 /* CoreDataContainer.xcdatamodeld in Sources */,
				24569B032A9F1ED80013B839 /* ArraysBootcamp.swift in Sources */,
				2431651A2A9E4CBB007BF78B /* LocalNotificationBootcamp.swift in Sources */,
				243165092A9E0A54007BF78B /* ScrollViewReaderBootcamp.swift in Sources */,
				24FC52FF2AA081E00092B60F /* TypealiasBootcamp.swift in Sources */,
				2431650D2A9E322F007BF78B /* MultipleSheetsBootcamp.swift in Sources */,
				24FC53052AA0A77C0092B60F /* DownloadWithEscapingBootcamp.swift in Sources */,
				24FC53032AA08FF20092B60F /* CodableBootcamp.swift in Sources */,
				24FC52FD2AA078730092B60F /* WeakSelfBootcamp.swift in Sources */,
				243164F12A9DBEB7007BF78B /* SwiftfulThinkingContinuedLearningApp.swift in Sources */,
				243165012A9DC65B007BF78B /* MagnificationGestureBootcamp.swift in Sources */,
				2431650B2A9E2B13007BF78B /* GeometryReaderBootcamp.swift in Sources */,
				243165182A9E4935007BF78B /* HapticsBootcamp.swift in Sources */,
				244907F72AA1B97D003D5074 /* TimerBootcamp.swift in Sources */,
				24569B292A9F5BFA0013B839 /* CoreDataRelationshipsBootcamp.swift in Sources */,
				243164FF2A9DBF33007BF78B /* LongPressGestureBootcamp.swift in Sources */,
				243165032A9DE03B007BF78B /* RotationGestureBootcamp.swift in Sources */,
			);
			runOnlyForDeploymentPostprocessing = 0;
		};
/* End PBXSourcesBuildPhase section */

/* Begin XCBuildConfiguration section */
		243164F92A9DBEB9007BF78B /* Debug */ = {
			isa = XCBuildConfiguration;
			buildSettings = {
				ALWAYS_SEARCH_USER_PATHS = NO;
				CLANG_ANALYZER_NONNULL = YES;
				CLANG_ANALYZER_NUMBER_OBJECT_CONVERSION = YES_AGGRESSIVE;
				CLANG_CXX_LANGUAGE_STANDARD = "gnu++20";
				CLANG_ENABLE_MODULES = YES;
				CLANG_ENABLE_OBJC_ARC = YES;
				CLANG_ENABLE_OBJC_WEAK = YES;
				CLANG_WARN_BLOCK_CAPTURE_AUTORELEASING = YES;
				CLANG_WARN_BOOL_CONVERSION = YES;
				CLANG_WARN_COMMA = YES;
				CLANG_WARN_CONSTANT_CONVERSION = YES;
				CLANG_WARN_DEPRECATED_OBJC_IMPLEMENTATIONS = YES;
				CLANG_WARN_DIRECT_OBJC_ISA_USAGE = YES_ERROR;
				CLANG_WARN_DOCUMENTATION_COMMENTS = YES;
				CLANG_WARN_EMPTY_BODY = YES;
				CLANG_WARN_ENUM_CONVERSION = YES;
				CLANG_WARN_INFINITE_RECURSION = YES;
				CLANG_WARN_INT_CONVERSION = YES;
				CLANG_WARN_NON_LITERAL_NULL_CONVERSION = YES;
				CLANG_WARN_OBJC_IMPLICIT_RETAIN_SELF = YES;
				CLANG_WARN_OBJC_LITERAL_CONVERSION = YES;
				CLANG_WARN_OBJC_ROOT_CLASS = YES_ERROR;
				CLANG_WARN_QUOTED_INCLUDE_IN_FRAMEWORK_HEADER = YES;
				CLANG_WARN_RANGE_LOOP_ANALYSIS = YES;
				CLANG_WARN_STRICT_PROTOTYPES = YES;
				CLANG_WARN_SUSPICIOUS_MOVE = YES;
				CLANG_WARN_UNGUARDED_AVAILABILITY = YES_AGGRESSIVE;
				CLANG_WARN_UNREACHABLE_CODE = YES;
				CLANG_WARN__DUPLICATE_METHOD_MATCH = YES;
				COPY_PHASE_STRIP = NO;
				DEBUG_INFORMATION_FORMAT = dwarf;
				ENABLE_STRICT_OBJC_MSGSEND = YES;
				ENABLE_TESTABILITY = YES;
				GCC_C_LANGUAGE_STANDARD = gnu11;
				GCC_DYNAMIC_NO_PIC = NO;
				GCC_NO_COMMON_BLOCKS = YES;
				GCC_OPTIMIZATION_LEVEL = 0;
				GCC_PREPROCESSOR_DEFINITIONS = (
					"DEBUG=1",
					"$(inherited)",
				);
				GCC_WARN_64_TO_32_BIT_CONVERSION = YES;
				GCC_WARN_ABOUT_RETURN_TYPE = YES_ERROR;
				GCC_WARN_UNDECLARED_SELECTOR = YES;
				GCC_WARN_UNINITIALIZED_AUTOS = YES_AGGRESSIVE;
				GCC_WARN_UNUSED_FUNCTION = YES;
				GCC_WARN_UNUSED_VARIABLE = YES;
				IPHONEOS_DEPLOYMENT_TARGET = 16.4;
				MTL_ENABLE_DEBUG_INFO = INCLUDE_SOURCE;
				MTL_FAST_MATH = YES;
				ONLY_ACTIVE_ARCH = YES;
				SDKROOT = iphoneos;
				SWIFT_ACTIVE_COMPILATION_CONDITIONS = DEBUG;
				SWIFT_OPTIMIZATION_LEVEL = "-Onone";
			};
			name = Debug;
		};
		243164FA2A9DBEB9007BF78B /* Release */ = {
			isa = XCBuildConfiguration;
			buildSettings = {
				ALWAYS_SEARCH_USER_PATHS = NO;
				CLANG_ANALYZER_NONNULL = YES;
				CLANG_ANALYZER_NUMBER_OBJECT_CONVERSION = YES_AGGRESSIVE;
				CLANG_CXX_LANGUAGE_STANDARD = "gnu++20";
				CLANG_ENABLE_MODULES = YES;
				CLANG_ENABLE_OBJC_ARC = YES;
				CLANG_ENABLE_OBJC_WEAK = YES;
				CLANG_WARN_BLOCK_CAPTURE_AUTORELEASING = YES;
				CLANG_WARN_BOOL_CONVERSION = YES;
				CLANG_WARN_COMMA = YES;
				CLANG_WARN_CONSTANT_CONVERSION = YES;
				CLANG_WARN_DEPRECATED_OBJC_IMPLEMENTATIONS = YES;
				CLANG_WARN_DIRECT_OBJC_ISA_USAGE = YES_ERROR;
				CLANG_WARN_DOCUMENTATION_COMMENTS = YES;
				CLANG_WARN_EMPTY_BODY = YES;
				CLANG_WARN_ENUM_CONVERSION = YES;
				CLANG_WARN_INFINITE_RECURSION = YES;
				CLANG_WARN_INT_CONVERSION = YES;
				CLANG_WARN_NON_LITERAL_NULL_CONVERSION = YES;
				CLANG_WARN_OBJC_IMPLICIT_RETAIN_SELF = YES;
				CLANG_WARN_OBJC_LITERAL_CONVERSION = YES;
				CLANG_WARN_OBJC_ROOT_CLASS = YES_ERROR;
				CLANG_WARN_QUOTED_INCLUDE_IN_FRAMEWORK_HEADER = YES;
				CLANG_WARN_RANGE_LOOP_ANALYSIS = YES;
				CLANG_WARN_STRICT_PROTOTYPES = YES;
				CLANG_WARN_SUSPICIOUS_MOVE = YES;
				CLANG_WARN_UNGUARDED_AVAILABILITY = YES_AGGRESSIVE;
				CLANG_WARN_UNREACHABLE_CODE = YES;
				CLANG_WARN__DUPLICATE_METHOD_MATCH = YES;
				COPY_PHASE_STRIP = NO;
				DEBUG_INFORMATION_FORMAT = "dwarf-with-dsym";
				ENABLE_NS_ASSERTIONS = NO;
				ENABLE_STRICT_OBJC_MSGSEND = YES;
				GCC_C_LANGUAGE_STANDARD = gnu11;
				GCC_NO_COMMON_BLOCKS = YES;
				GCC_WARN_64_TO_32_BIT_CONVERSION = YES;
				GCC_WARN_ABOUT_RETURN_TYPE = YES_ERROR;
				GCC_WARN_UNDECLARED_SELECTOR = YES;
				GCC_WARN_UNINITIALIZED_AUTOS = YES_AGGRESSIVE;
				GCC_WARN_UNUSED_FUNCTION = YES;
				GCC_WARN_UNUSED_VARIABLE = YES;
				IPHONEOS_DEPLOYMENT_TARGET = 16.4;
				MTL_ENABLE_DEBUG_INFO = NO;
				MTL_FAST_MATH = YES;
				SDKROOT = iphoneos;
				SWIFT_COMPILATION_MODE = wholemodule;
				SWIFT_OPTIMIZATION_LEVEL = "-O";
				VALIDATE_PRODUCT = YES;
			};
			name = Release;
		};
		243164FC2A9DBEB9007BF78B /* Debug */ = {
			isa = XCBuildConfiguration;
			buildSettings = {
				ASSETCATALOG_COMPILER_APPICON_NAME = AppIcon;
				ASSETCATALOG_COMPILER_GLOBAL_ACCENT_COLOR_NAME = AccentColor;
				CODE_SIGN_STYLE = Automatic;
				CURRENT_PROJECT_VERSION = 1;
				DEVELOPMENT_ASSET_PATHS = "\"SwiftfulThinkingContinuedLearning/Preview Content\"";
				DEVELOPMENT_TEAM = 7UWGLT6BZL;
				ENABLE_PREVIEWS = YES;
				GENERATE_INFOPLIST_FILE = YES;
				INFOPLIST_KEY_UIApplicationSceneManifest_Generation = YES;
				INFOPLIST_KEY_UIApplicationSupportsIndirectInputEvents = YES;
				INFOPLIST_KEY_UILaunchScreen_Generation = YES;
				INFOPLIST_KEY_UISupportedInterfaceOrientations_iPad = "UIInterfaceOrientationPortrait UIInterfaceOrientationPortraitUpsideDown UIInterfaceOrientationLandscapeLeft UIInterfaceOrientationLandscapeRight";
				INFOPLIST_KEY_UISupportedInterfaceOrientations_iPhone = "UIInterfaceOrientationPortrait UIInterfaceOrientationLandscapeLeft UIInterfaceOrientationLandscapeRight";
				LD_RUNPATH_SEARCH_PATHS = (
					"$(inherited)",
					"@executable_path/Frameworks",
				);
				MARKETING_VERSION = 1.0;
				PRODUCT_BUNDLE_IDENTIFIER = com.panostsapanidis.SwiftfulThinkingContinuedLearning;
				PRODUCT_NAME = "$(TARGET_NAME)";
				SWIFT_EMIT_LOC_STRINGS = YES;
				SWIFT_VERSION = 5.0;
				TARGETED_DEVICE_FAMILY = "1,2";
			};
			name = Debug;
		};
		243164FD2A9DBEB9007BF78B /* Release */ = {
			isa = XCBuildConfiguration;
			buildSettings = {
				ASSETCATALOG_COMPILER_APPICON_NAME = AppIcon;
				ASSETCATALOG_COMPILER_GLOBAL_ACCENT_COLOR_NAME = AccentColor;
				CODE_SIGN_STYLE = Automatic;
				CURRENT_PROJECT_VERSION = 1;
				DEVELOPMENT_ASSET_PATHS = "\"SwiftfulThinkingContinuedLearning/Preview Content\"";
				DEVELOPMENT_TEAM = 7UWGLT6BZL;
				ENABLE_PREVIEWS = YES;
				GENERATE_INFOPLIST_FILE = YES;
				INFOPLIST_KEY_UIApplicationSceneManifest_Generation = YES;
				INFOPLIST_KEY_UIApplicationSupportsIndirectInputEvents = YES;
				INFOPLIST_KEY_UILaunchScreen_Generation = YES;
				INFOPLIST_KEY_UISupportedInterfaceOrientations_iPad = "UIInterfaceOrientationPortrait UIInterfaceOrientationPortraitUpsideDown UIInterfaceOrientationLandscapeLeft UIInterfaceOrientationLandscapeRight";
				INFOPLIST_KEY_UISupportedInterfaceOrientations_iPhone = "UIInterfaceOrientationPortrait UIInterfaceOrientationLandscapeLeft UIInterfaceOrientationLandscapeRight";
				LD_RUNPATH_SEARCH_PATHS = (
					"$(inherited)",
					"@executable_path/Frameworks",
				);
				MARKETING_VERSION = 1.0;
				PRODUCT_BUNDLE_IDENTIFIER = com.panostsapanidis.SwiftfulThinkingContinuedLearning;
				PRODUCT_NAME = "$(TARGET_NAME)";
				SWIFT_EMIT_LOC_STRINGS = YES;
				SWIFT_VERSION = 5.0;
				TARGETED_DEVICE_FAMILY = "1,2";
			};
			name = Release;
		};
/* End XCBuildConfiguration section */

/* Begin XCConfigurationList section */
		243164E82A9DBEB7007BF78B /* Build configuration list for PBXProject "SwiftfulThinkingContinuedLearning" */ = {
			isa = XCConfigurationList;
			buildConfigurations = (
				243164F92A9DBEB9007BF78B /* Debug */,
				243164FA2A9DBEB9007BF78B /* Release */,
			);
			defaultConfigurationIsVisible = 0;
			defaultConfigurationName = Release;
		};
		243164FB2A9DBEB9007BF78B /* Build configuration list for PBXNativeTarget "SwiftfulThinkingContinuedLearning" */ = {
			isa = XCConfigurationList;
			buildConfigurations = (
				243164FC2A9DBEB9007BF78B /* Debug */,
				243164FD2A9DBEB9007BF78B /* Release */,
			);
			defaultConfigurationIsVisible = 0;
			defaultConfigurationName = Release;
		};
/* End XCConfigurationList section */

/* Begin XCVersionGroup section */
		24569B252A9F51E10013B839 /* FruitsContainer.xcdatamodeld */ = {
			isa = XCVersionGroup;
			children = (
				24569B262A9F51E10013B839 /* FruitsContainer.xcdatamodel */,
			);
			currentVersion = 24569B262A9F51E10013B839 /* FruitsContainer.xcdatamodel */;
			path = FruitsContainer.xcdatamodeld;
			sourceTree = "<group>";
			versionGroupType = wrapper.xcdatamodel;
		};
		24569B2A2A9F88EA0013B839 /* CoreDataContainer.xcdatamodeld */ = {
			isa = XCVersionGroup;
			children = (
				24569B2B2A9F88EA0013B839 /* CoreDataContainer.xcdatamodel */,
			);
			currentVersion = 24569B2B2A9F88EA0013B839 /* CoreDataContainer.xcdatamodel */;
			path = CoreDataContainer.xcdatamodeld;
			sourceTree = "<group>";
			versionGroupType = wrapper.xcdatamodel;
		};
/* End XCVersionGroup section */
	};
	rootObject = 243164E52A9DBEB7007BF78B /* Project object */;
}
